// !$*UTF8*$!
{
	archiveVersion = 1;
	classes = {
	};
	objectVersion = 46;
	objects = {

/* Begin PBXBuildFile section */
		8DBAD1D61E822CED00380AAB /* main.m in Sources */ = {isa = PBXBuildFile; fileRef = 8DBAD1D51E822CED00380AAB /* main.m */; };
		8DBAD1D91E822CED00380AAB /* AppDelegate.m in Sources */ = {isa = PBXBuildFile; fileRef = 8DBAD1D81E822CED00380AAB /* AppDelegate.m */; };
		8DBAD1DC1E822CED00380AAB /* ViewController.m in Sources */ = {isa = PBXBuildFile; fileRef = 8DBAD1DB1E822CED00380AAB /* ViewController.m */; };
		8DBAD1DF1E822CED00380AAB /* Main.storyboard in Resources */ = {isa = PBXBuildFile; fileRef = 8DBAD1DD1E822CED00380AAB /* Main.storyboard */; };
		8DBAD1E11E822CED00380AAB /* Assets.xcassets in Resources */ = {isa = PBXBuildFile; fileRef = 8DBAD1E01E822CED00380AAB /* Assets.xcassets */; };
		8DBAD1E41E822CED00380AAB /* LaunchScreen.storyboard in Resources */ = {isa = PBXBuildFile; fileRef = 8DBAD1E21E822CED00380AAB /* LaunchScreen.storyboard */; };
		8DBAD1EF1E822CED00380AAB /* PATestGCDTests.m in Sources */ = {isa = PBXBuildFile; fileRef = 8DBAD1EE1E822CED00380AAB /* PATestGCDTests.m */; };
		8DBAD1FA1E822CED00380AAB /* PATestGCDUITests.m in Sources */ = {isa = PBXBuildFile; fileRef = 8DBAD1F91E822CED00380AAB /* PATestGCDUITests.m */; };
/* End PBXBuildFile section */

/* Begin PBXContainerItemProxy section */
		8DBAD1EB1E822CED00380AAB /* PBXContainerItemProxy */ = {
			isa = PBXContainerItemProxy;
			containerPortal = 8DBAD1C91E822CED00380AAB /* Project object */;
			proxyType = 1;
			remoteGlobalIDString = 8DBAD1D01E822CED00380AAB;
			remoteInfo = PATestGCD;
		};
		8DBAD1F61E822CED00380AAB /* PBXContainerItemProxy */ = {
			isa = PBXContainerItemProxy;
			containerPortal = 8DBAD1C91E822CED00380AAB /* Project object */;
			proxyType = 1;
			remoteGlobalIDString = 8DBAD1D01E822CED00380AAB;
			remoteInfo = PATestGCD;
		};
/* End PBXContainerItemProxy section */

/* Begin PBXFileReference section */
		8DBAD1D11E822CED00380AAB /* PATestGCD.app */ = {isa = PBXFileReference; explicitFileType = wrapper.application; includeInIndex = 0; path = PATestGCD.app; sourceTree = BUILT_PRODUCTS_DIR; };
		8DBAD1D51E822CED00380AAB /* main.m */ = {isa = PBXFileReference; lastKnownFileType = sourcecode.c.objc; path = main.m; sourceTree = "<group>"; };
		8DBAD1D71E822CED00380AAB /* AppDelegate.h */ = {isa = PBXFileReference; lastKnownFileType = sourcecode.c.h; path = AppDelegate.h; sourceTree = "<group>"; };
		8DBAD1D81E822CED00380AAB /* AppDelegate.m */ = {isa = PBXFileReference; lastKnownFileType = sourcecode.c.objc; path = AppDelegate.m; sourceTree = "<group>"; };
		8DBAD1DA1E822CED00380AAB /* ViewController.h */ = {isa = PBXFileReference; lastKnownFileType = sourcecode.c.h; path = ViewController.h; sourceTree = "<group>"; };
		8DBAD1DB1E822CED00380AAB /* ViewController.m */ = {isa = PBXFileReference; lastKnownFileType = sourcecode.c.objc; path = ViewController.m; sourceTree = "<group>"; };
		8DBAD1DE1E822CED00380AAB /* Base */ = {isa = PBXFileReference; lastKnownFileType = file.storyboard; name = Base; path = Base.lproj/Main.storyboard; sourceTree = "<group>"; };
		8DBAD1E01E822CED00380AAB /* Assets.xcassets */ = {isa = PBXFileReference; lastKnownFileType = folder.assetcatalog; path = Assets.xcassets; sourceTree = "<group>"; };
		8DBAD1E31E822CED00380AAB /* Base */ = {isa = PBXFileReference; lastKnownFileType = file.storyboard; name = Base; path = Base.lproj/LaunchScreen.storyboard; sourceTree = "<group>"; };
		8DBAD1E51E822CED00380AAB /* Info.plist */ = {isa = PBXFileReference; lastKnownFileType = text.plist.xml; path = Info.plist; sourceTree = "<group>"; };
		8DBAD1EA1E822CED00380AAB /* PATestGCDTests.xctest */ = {isa = PBXFileReference; explicitFileType = wrapper.cfbundle; includeInIndex = 0; path = PATestGCDTests.xctest; sourceTree = BUILT_PRODUCTS_DIR; };
		8DBAD1EE1E822CED00380AAB /* PATestGCDTests.m */ = {isa = PBXFileReference; lastKnownFileType = sourcecode.c.objc; path = PATestGCDTests.m; sourceTree = "<group>"; };
		8DBAD1F01E822CED00380AAB /* Info.plist */ = {isa = PBXFileReference; lastKnownFileType = text.plist.xml; path = Info.plist; sourceTree = "<group>"; };
		8DBAD1F51E822CED00380AAB /* PATestGCDUITests.xctest */ = {isa = PBXFileReference; explicitFileType = wrapper.cfbundle; includeInIndex = 0; path = PATestGCDUITests.xctest; sourceTree = BUILT_PRODUCTS_DIR; };
		8DBAD1F91E822CED00380AAB /* PATestGCDUITests.m */ = {isa = PBXFileReference; lastKnownFileType = sourcecode.c.objc; path = PATestGCDUITests.m; sourceTree = "<group>"; };
		8DBAD1FB1E822CED00380AAB /* Info.plist */ = {isa = PBXFileReference; lastKnownFileType = text.plist.xml; path = Info.plist; sourceTree = "<group>"; };
/* End PBXFileReference section */

/* Begin PBXFrameworksBuildPhase section */
		8DBAD1CE1E822CED00380AAB /* Frameworks */ = {
			isa = PBXFrameworksBuildPhase;
			buildActionMask = 2147483647;
			files = (
			);
			runOnlyForDeploymentPostprocessing = 0;
		};
		8DBAD1E71E822CED00380AAB /* Frameworks */ = {
			isa = PBXFrameworksBuildPhase;
			buildActionMask = 2147483647;
			files = (
			);
			runOnlyForDeploymentPostprocessing = 0;
		};
		8DBAD1F21E822CED00380AAB /* Frameworks */ = {
			isa = PBXFrameworksBuildPhase;
			buildActionMask = 2147483647;
			files = (
			);
			runOnlyForDeploymentPostprocessing = 0;
		};
/* End PBXFrameworksBuildPhase section */

/* Begin PBXGroup section */
		8DBAD1C81E822CED00380AAB = {
			isa = PBXGroup;
			children = (
				8DBAD1D31E822CED00380AAB /* PATestGCD */,
				8DBAD1ED1E822CED00380AAB /* PATestGCDTests */,
				8DBAD1F81E822CED00380AAB /* PATestGCDUITests */,
				8DBAD1D21E822CED00380AAB /* Products */,
			);
			sourceTree = "<group>";
		};
		8DBAD1D21E822CED00380AAB /* Products */ = {
			isa = PBXGroup;
			children = (
				8DBAD1D11E822CED00380AAB /* PATestGCD.app */,
				8DBAD1EA1E822CED00380AAB /* PATestGCDTests.xctest */,
				8DBAD1F51E822CED00380AAB /* PATestGCDUITests.xctest */,
			);
			name = Products;
			sourceTree = "<group>";
		};
		8DBAD1D31E822CED00380AAB /* PATestGCD */ = {
			isa = PBXGroup;
			children = (
				8DBAD1D71E822CED00380AAB /* AppDelegate.h */,
				8DBAD1D81E822CED00380AAB /* AppDelegate.m */,
				8DBAD1DA1E822CED00380AAB /* ViewController.h */,
				8DBAD1DB1E822CED00380AAB /* ViewController.m */,
				8DBAD1DD1E822CED00380AAB /* Main.storyboard */,
				8DBAD1E01E822CED00380AAB /* Assets.xcassets */,
				8DBAD1E21E822CED00380AAB /* LaunchScreen.storyboard */,
				8DBAD1E51E822CED00380AAB /* Info.plist */,
				8DBAD1D41E822CED00380AAB /* Supporting Files */,
			);
			path = PATestGCD;
			sourceTree = "<group>";
		};
		8DBAD1D41E822CED00380AAB /* Supporting Files */ = {
			isa = PBXGroup;
			children = (
				8DBAD1D51E822CED00380AAB /* main.m */,
			);
			name = "Supporting Files";
			sourceTree = "<group>";
		};
		8DBAD1ED1E822CED00380AAB /* PATestGCDTests */ = {
			isa = PBXGroup;
			children = (
				8DBAD1EE1E822CED00380AAB /* PATestGCDTests.m */,
				8DBAD1F01E822CED00380AAB /* Info.plist */,
			);
			path = PATestGCDTests;
			sourceTree = "<group>";
		};
		8DBAD1F81E822CED00380AAB /* PATestGCDUITests */ = {
			isa = PBXGroup;
			children = (
				8DBAD1F91E822CED00380AAB /* PATestGCDUITests.m */,
				8DBAD1FB1E822CED00380AAB /* Info.plist */,
			);
			path = PATestGCDUITests;
			sourceTree = "<group>";
		};
/* End PBXGroup section */

/* Begin PBXNativeTarget section */
		8DBAD1D01E822CED00380AAB /* PATestGCD */ = {
			isa = PBXNativeTarget;
			buildConfigurationList = 8DBAD1FE1E822CED00380AAB /* Build configuration list for PBXNativeTarget "PATestGCD" */;
			buildPhases = (
				8DBAD1CD1E822CED00380AAB /* Sources */,
				8DBAD1CE1E822CED00380AAB /* Frameworks */,
				8DBAD1CF1E822CED00380AAB /* Resources */,
			);
			buildRules = (
			);
			dependencies = (
			);
			name = PATestGCD;
			productName = PATestGCD;
			productReference = 8DBAD1D11E822CED00380AAB /* PATestGCD.app */;
			productType = "com.apple.product-type.application";
		};
		8DBAD1E91E822CED00380AAB /* PATestGCDTests */ = {
			isa = PBXNativeTarget;
			buildConfigurationList = 8DBAD2011E822CED00380AAB /* Build configuration list for PBXNativeTarget "PATestGCDTests" */;
			buildPhases = (
				8DBAD1E61E822CED00380AAB /* Sources */,
				8DBAD1E71E822CED00380AAB /* Frameworks */,
				8DBAD1E81E822CED00380AAB /* Resources */,
			);
			buildRules = (
			);
			dependencies = (
				8DBAD1EC1E822CED00380AAB /* PBXTargetDependency */,
			);
			name = PATestGCDTests;
			productName = PATestGCDTests;
			productReference = 8DBAD1EA1E822CED00380AAB /* PATestGCDTests.xctest */;
			productType = "com.apple.product-type.bundle.unit-test";
		};
		8DBAD1F41E822CED00380AAB /* PATestGCDUITests */ = {
			isa = PBXNativeTarget;
			buildConfigurationList = 8DBAD2041E822CED00380AAB /* Build configuration list for PBXNativeTarget "PATestGCDUITests" */;
			buildPhases = (
				8DBAD1F11E822CED00380AAB /* Sources */,
				8DBAD1F21E822CED00380AAB /* Frameworks */,
				8DBAD1F31E822CED00380AAB /* Resources */,
			);
			buildRules = (
			);
			dependencies = (
				8DBAD1F71E822CED00380AAB /* PBXTargetDependency */,
			);
			name = PATestGCDUITests;
			productName = PATestGCDUITests;
			productReference = 8DBAD1F51E822CED00380AAB /* PATestGCDUITests.xctest */;
			productType = "com.apple.product-type.bundle.ui-testing";
		};
/* End PBXNativeTarget section */

/* Begin PBXProject section */
		8DBAD1C91E822CED00380AAB /* Project object */ = {
			isa = PBXProject;
			attributes = {
				LastUpgradeCheck = 0820;
				ORGANIZATIONNAME = shuo;
				TargetAttributes = {
					8DBAD1D01E822CED00380AAB = {
						CreatedOnToolsVersion = 8.2.1;
						ProvisioningStyle = Automatic;
					};
					8DBAD1E91E822CED00380AAB = {
						CreatedOnToolsVersion = 8.2.1;
						ProvisioningStyle = Automatic;
						TestTargetID = 8DBAD1D01E822CED00380AAB;
					};
					8DBAD1F41E822CED00380AAB = {
						CreatedOnToolsVersion = 8.2.1;
						ProvisioningStyle = Automatic;
						TestTargetID = 8DBAD1D01E822CED00380AAB;
					};
				};
			};
			buildConfigurationList = 8DBAD1CC1E822CED00380AAB /* Build configuration list for PBXProject "PATestGCD" */;
			compatibilityVersion = "Xcode 3.2";
			developmentRegion = English;
			hasScannedForEncodings = 0;
			knownRegions = (
				en,
				Base,
			);
			mainGroup = 8DBAD1C81E822CED00380AAB;
			productRefGroup = 8DBAD1D21E822CED00380AAB /* Products */;
			projectDirPath = "";
			projectRoot = "";
			targets = (
				8DBAD1D01E822CED00380AAB /* PATestGCD */,
				8DBAD1E91E822CED00380AAB /* PATestGCDTests */,
				8DBAD1F41E822CED00380AAB /* PATestGCDUITests */,
			);
		};
/* End PBXProject section */

/* Begin PBXResourcesBuildPhase section */
		8DBAD1CF1E822CED00380AAB /* Resources */ = {
			isa = PBXResourcesBuildPhase;
			buildActionMask = 2147483647;
			files = (
				8DBAD1E41E822CED00380AAB /* LaunchScreen.storyboard in Resources */,
				8DBAD1E11E822CED00380AAB /* Assets.xcassets in Resources */,
				8DBAD1DF1E822CED00380AAB /* Main.storyboard in Resources */,
			);
			runOnlyForDeploymentPostprocessing = 0;
		};
		8DBAD1E81E822CED00380AAB /* Resources */ = {
			isa = PBXResourcesBuildPhase;
			buildActionMask = 2147483647;
			files = (
			);
			runOnlyForDeploymentPostprocessing = 0;
		};
		8DBAD1F31E822CED00380AAB /* Resources */ = {
			isa = PBXResourcesBuildPhase;
			buildActionMask = 2147483647;
			files = (
			);
			runOnlyForDeploymentPostprocessing = 0;
		};
/* End PBXResourcesBuildPhase section */

/* Begin PBXSourcesBuildPhase section */
		8DBAD1CD1E822CED00380AAB /* Sources */ = {
			isa = PBXSourcesBuildPhase;
			buildActionMask = 2147483647;
			files = (
				8DBAD1DC1E822CED00380AAB /* ViewController.m in Sources */,
				8DBAD1D91E822CED00380AAB /* AppDelegate.m in Sources */,
				8DBAD1D61E822CED00380AAB /* main.m in Sources */,
			);
			runOnlyForDeploymentPostprocessing = 0;
		};
		8DBAD1E61E822CED00380AAB /* Sources */ = {
			isa = PBXSourcesBuildPhase;
			buildActionMask = 2147483647;
			files = (
				8DBAD1EF1E822CED00380AAB /* PATestGCDTests.m in Sources */,
			);
			runOnlyForDeploymentPostprocessing = 0;
		};
		8DBAD1F11E822CED00380AAB /* Sources */ = {
			isa = PBXSourcesBuildPhase;
			buildActionMask = 2147483647;
			files = (
				8DBAD1FA1E822CED00380AAB /* PATestGCDUITests.m in Sources */,
			);
			runOnlyForDeploymentPostprocessing = 0;
		};
/* End PBXSourcesBuildPhase section */

/* Begin PBXTargetDependency section */
		8DBAD1EC1E822CED00380AAB /* PBXTargetDependency */ = {
			isa = PBXTargetDependency;
			target = 8DBAD1D01E822CED00380AAB /* PATestGCD */;
			targetProxy = 8DBAD1EB1E822CED00380AAB /* PBXContainerItemProxy */;
		};
		8DBAD1F71E822CED00380AAB /* PBXTargetDependency */ = {
			isa = PBXTargetDependency;
			target = 8DBAD1D01E822CED00380AAB /* PATestGCD */;
			targetProxy = 8DBAD1F61E822CED00380AAB /* PBXContainerItemProxy */;
		};
/* End PBXTargetDependency section */

/* Begin PBXVariantGroup section */
		8DBAD1DD1E822CED00380AAB /* Main.storyboard */ = {
			isa = PBXVariantGroup;
			children = (
				8DBAD1DE1E822CED00380AAB /* Base */,
			);
			name = Main.storyboard;
			sourceTree = "<group>";
		};
		8DBAD1E21E822CED00380AAB /* LaunchScreen.storyboard */ = {
			isa = PBXVariantGroup;
			children = (
				8DBAD1E31E822CED00380AAB /* Base */,
			);
			name = LaunchScreen.storyboard;
			sourceTree = "<group>";
		};
/* End PBXVariantGroup section */

/* Begin XCBuildConfiguration section */
		8DBAD1FC1E822CED00380AAB /* Debug */ = {
			isa = XCBuildConfiguration;
			buildSettings = {
				ALWAYS_SEARCH_USER_PATHS = NO;
				CLANG_ANALYZER_NONNULL = YES;
				CLANG_CXX_LANGUAGE_STANDARD = "gnu++0x";
				CLANG_CXX_LIBRARY = "libc++";
				CLANG_ENABLE_MODULES = YES;
				CLANG_ENABLE_OBJC_ARC = YES;
				CLANG_WARN_BOOL_CONVERSION = YES;
				CLANG_WARN_CONSTANT_CONVERSION = YES;
				CLANG_WARN_DIRECT_OBJC_ISA_USAGE = YES_ERROR;
				CLANG_WARN_DOCUMENTATION_COMMENTS = YES;
				CLANG_WARN_EMPTY_BODY = YES;
				CLANG_WARN_ENUM_CONVERSION = YES;
				CLANG_WARN_INFINITE_RECURSION = YES;
				CLANG_WARN_INT_CONVERSION = YES;
				CLANG_WARN_OBJC_ROOT_CLASS = YES_ERROR;
				CLANG_WARN_SUSPICIOUS_MOVE = YES;
				CLANG_WARN_UNREACHABLE_CODE = YES;
				CLANG_WARN__DUPLICATE_METHOD_MATCH = YES;
				"CODE_SIGN_IDENTITY[sdk=iphoneos*]" = "iPhone Developer";
				COPY_PHASE_STRIP = NO;
				DEBUG_INFORMATION_FORMAT = dwarf;
				ENABLE_STRICT_OBJC_MSGSEND = YES;
				ENABLE_TESTABILITY = YES;
				GCC_C_LANGUAGE_STANDARD = gnu99;
				GCC_DYNAMIC_NO_PIC = NO;
				GCC_NO_COMMON_BLOCKS = YES;
				GCC_OPTIMIZATION_LEVEL = 0;
				GCC_PREPROCESSOR_DEFINITIONS = (
					"DEBUG=1",
					"$(inherited)",
				);
				GCC_WARN_64_TO_32_BIT_CONVERSION = YES;
				GCC_WARN_ABOUT_RETURN_TYPE = YES_ERROR;
				GCC_WARN_UNDECLARED_SELECTOR = YES;
				GCC_WARN_UNINITIALIZED_AUTOS = YES_AGGRESSIVE;
				GCC_WARN_UNUSED_FUNCTION = YES;
				GCC_WARN_UNUSED_VARIABLE = YES;
				IPHONEOS_DEPLOYMENT_TARGET = 10.2;
				MTL_ENABLE_DEBUG_INFO = YES;
				ONLY_ACTIVE_ARCH = YES;
				SDKROOT = iphoneos;
				TARGETED_DEVICE_FAMILY = "1,2";
			};
			name = Debug;
		};
		8DBAD1FD1E822CED00380AAB /* Release */ = {
			isa = XCBuildConfiguration;
			buildSettings = {
				ALWAYS_SEARCH_USER_PATHS = NO;
				CLANG_ANALYZER_NONNULL = YES;
				CLANG_CXX_LANGUAGE_STANDARD = "gnu++0x";
				CLANG_CXX_LIBRARY = "libc++";
				CLANG_ENABLE_MODULES = YES;
				CLANG_ENABLE_OBJC_ARC = YES;
				CLANG_WARN_BOOL_CONVERSION = YES;
				CLANG_WARN_CONSTANT_CONVERSION = YES;
				CLANG_WARN_DIRECT_OBJC_ISA_USAGE = YES_ERROR;
				CLANG_WARN_DOCUMENTATION_COMMENTS = YES;
				CLANG_WARN_EMPTY_BODY = YES;
				CLANG_WARN_ENUM_CONVERSION = YES;
				CLANG_WARN_INFINITE_RECURSION = YES;
				CLANG_WARN_INT_CONVERSION = YES;
				CLANG_WARN_OBJC_ROOT_CLASS = YES_ERROR;
				CLANG_WARN_SUSPICIOUS_MOVE = YES;
				CLANG_WARN_UNREACHABLE_CODE = YES;
				CLANG_WARN__DUPLICATE_METHOD_MATCH = YES;
				"CODE_SIGN_IDENTITY[sdk=iphoneos*]" = "iPhone Developer";
				COPY_PHASE_STRIP = NO;
				DEBUG_INFORMATION_FORMAT = "dwarf-with-dsym";
				ENABLE_NS_ASSERTIONS = NO;
				ENABLE_STRICT_OBJC_MSGSEND = YES;
				GCC_C_LANGUAGE_STANDARD = gnu99;
				GCC_NO_COMMON_BLOCKS = YES;
				GCC_WARN_64_TO_32_BIT_CONVERSION = YES;
				GCC_WARN_ABOUT_RETURN_TYPE = YES_ERROR;
				GCC_WARN_UNDECLARED_SELECTOR = YES;
				GCC_WARN_UNINITIALIZED_AUTOS = YES_AGGRESSIVE;
				GCC_WARN_UNUSED_FUNCTION = YES;
				GCC_WARN_UNUSED_VARIABLE = YES;
				IPHONEOS_DEPLOYMENT_TARGET = 10.2;
				MTL_ENABLE_DEBUG_INFO = NO;
				SDKROOT = iphoneos;
				TARGETED_DEVICE_FAMILY = "1,2";
				VALIDATE_PRODUCT = YES;
			};
			name = Release;
		};
		8DBAD1FF1E822CED00380AAB /* Debug */ = {
			isa = XCBuildConfiguration;
			buildSettings = {
				ASSETCATALOG_COMPILER_APPICON_NAME = AppIcon;
				INFOPLIST_FILE = PATestGCD/Info.plist;
				LD_RUNPATH_SEARCH_PATHS = "$(inherited) @executable_path/Frameworks";
				PRODUCT_BUNDLE_IDENTIFIER = pingan.com.PATestGCD;
				PRODUCT_NAME = "$(TARGET_NAME)";
			};
			name = Debug;
		};
		8DBAD2001E822CED00380AAB /* Release */ = {
			isa = XCBuildConfiguration;
			buildSettings = {
				ASSETCATALOG_COMPILER_APPICON_NAME = AppIcon;
				INFOPLIST_FILE = PATestGCD/Info.plist;
				LD_RUNPATH_SEARCH_PATHS = "$(inherited) @executable_path/Frameworks";
				PRODUCT_BUNDLE_IDENTIFIER = pingan.com.PATestGCD;
				PRODUCT_NAME = "$(TARGET_NAME)";
			};
			name = Release;
		};
		8DBAD2021E822CED00380AAB /* Debug */ = {
			isa = XCBuildConfiguration;
			buildSettings = {
				BUNDLE_LOADER = "$(TEST_HOST)";
				INFOPLIST_FILE = PATestGCDTests/Info.plist;
				LD_RUNPATH_SEARCH_PATHS = "$(inherited) @executable_path/Frameworks @loader_path/Frameworks";
				PRODUCT_BUNDLE_IDENTIFIER = pingan.com.PATestGCDTests;
				PRODUCT_NAME = "$(TARGET_NAME)";
				TEST_HOST = "$(BUILT_PRODUCTS_DIR)/PATestGCD.app/PATestGCD";
			};
			name = Debug;
		};
		8DBAD2031E822CED00380AAB /* Release */ = {
			isa = XCBuildConfiguration;
			buildSettings = {
				BUNDLE_LOADER = "$(TEST_HOST)";
				INFOPLIST_FILE = PATestGCDTests/Info.plist;
				LD_RUNPATH_SEARCH_PATHS = "$(inherited) @executable_path/Frameworks @loader_path/Frameworks";
				PRODUCT_BUNDLE_IDENTIFIER = pingan.com.PATestGCDTests;
				PRODUCT_NAME = "$(TARGET_NAME)";
				TEST_HOST = "$(BUILT_PRODUCTS_DIR)/PATestGCD.app/PATestGCD";
			};
			name = Release;
		};
		8DBAD2051E822CED00380AAB /* Debug */ = {
			isa = XCBuildConfiguration;
			buildSettings = {
				INFOPLIST_FILE = PATestGCDUITests/Info.plist;
				LD_RUNPATH_SEARCH_PATHS = "$(inherited) @executable_path/Frameworks @loader_path/Frameworks";
				PRODUCT_BUNDLE_IDENTIFIER = pingan.com.PATestGCDUITests;
				PRODUCT_NAME = "$(TARGET_NAME)";
				TEST_TARGET_NAME = PATestGCD;
			};
			name = Debug;
		};
		8DBAD2061E822CED00380AAB /* Release */ = {
			isa = XCBuildConfiguration;
			buildSettings = {
				INFOPLIST_FILE = PATestGCDUITests/Info.plist;
				LD_RUNPATH_SEARCH_PATHS = "$(inherited) @executable_path/Frameworks @loader_path/Frameworks";
				PRODUCT_BUNDLE_IDENTIFIER = pingan.com.PATestGCDUITests;
				PRODUCT_NAME = "$(TARGET_NAME)";
				TEST_TARGET_NAME = PATestGCD;
			};
			name = Release;
		};
/* End XCBuildConfiguration section */

/* Begin XCConfigurationList section */
		8DBAD1CC1E822CED00380AAB /* Build configuration list for PBXProject "PATestGCD" */ = {
			isa = XCConfigurationList;
			buildConfigurations = (
				8DBAD1FC1E822CED00380AAB /* Debug */,
				8DBAD1FD1E822CED00380AAB /* Release */,
			);
			defaultConfigurationIsVisible = 0;
			defaultConfigurationName = Release;
		};
		8DBAD1FE1E822CED00380AAB /* Build configuration list for PBXNativeTarget "PATestGCD" */ = {
			isa = XCConfigurationList;
			buildConfigurations = (
				8DBAD1FF1E822CED00380AAB /* Debug */,
				8DBAD2001E822CED00380AAB /* Release */,
			);
			defaultConfigurationIsVisible = 0;
		};
		8DBAD2011E822CED00380AAB /* Build configuration list for PBXNativeTarget "PATestGCDTests" */ = {
			isa = XCConfigurationList;
			buildConfigurations = (
				8DBAD2021E822CED00380AAB /* Debug */,
				8DBAD2031E822CED00380AAB /* Release */,
			);
			defaultConfigurationIsVisible = 0;
		};
		8DBAD2041E822CED00380AAB /* Build configuration list for PBXNativeTarget "PATestGCDUITests" */ = {
			isa = XCConfigurationList;
			buildConfigurations = (
				8DBAD2051E822CED00380AAB /* Debug */,
				8DBAD2061E822CED00380AAB /* Release */,
			);
			defaultConfigurationIsVisible = 0;
		};
/* End XCConfigurationList section */
	};
	rootObject = 8DBAD1C91E822CED00380AAB /* Project object */;
}
